
Microsoft Visual Studio Solution File, Format Version 12.00
# Visual Studio Version 17
VisualStudioVersion = 17.7.34031.279
MinimumVisualStudioVersion = 10.0.40219.1
Project("{FAE04EC0-301F-11D3-BF4B-00C04F79EFBC}") = "BinaryFileManager", "BinaryFileManager\BinaryFileManager.csproj", "{8270E588-AFDA-42D5-B361-EBD20F392C4A}"
EndProject
Global
	GlobalSection(SolutionConfigurationPlatforms) = preSolution
		Debug|Any CPU = Debug|Any CPU
		Release|Any CPU = Release|Any CPU
	EndGlobalSection
	GlobalSection(ProjectConfigurationPlatforms) = postSolution
		{8270E588-AFDA-42D5-B361-EBD20F392C4A}.Debug|Any CPU.ActiveCfg = Debug|Any CPU
		{8270E588-AFDA-42D5-B361-EBD20F392C4A}.Debug|Any CPU.Build.0 = Debug|Any CPU
		{8270E588-AFDA-42D5-B361-EBD20F392C4A}.Release|Any CPU.ActiveCfg = Release|Any CPU
		{8270E588-AFDA-42D5-B361-EBD20F392C4A}.Release|Any CPU.Build.0 = Release|Any CPU
	EndGlobalSection
	GlobalSection(SolutionProperties) = preSolution
		HideSolutionNode = FALSE
	EndGlobalSection
	GlobalSection(ExtensibilityGlobals) = postSolution
		SolutionGuid = {E9237213-DF26-485D-BAC1-9D8823108276}
	EndGlobalSection
EndGlobal
